// !$*UTF8*$!
{
	archiveVersion = 1;
	classes = {
	};
	objectVersion = 46;
	objects = {

/* Begin PBXBuildFile section */
		35887FD41B26532E00B93EB6 /* AppDelegate.swift in Sources */ = {isa = PBXBuildFile; fileRef = 35887FD31B26532E00B93EB6 /* AppDelegate.swift */; };
		35887FD61B26532E00B93EB6 /* PlaylistMasterViewController.swift in Sources */ = {isa = PBXBuildFile; fileRef = 35887FD51B26532E00B93EB6 /* PlaylistMasterViewController.swift */; };
		35887FD91B26532E00B93EB6 /* Main.storyboard in Resources */ = {isa = PBXBuildFile; fileRef = 35887FD71B26532E00B93EB6 /* Main.storyboard */; };
		35887FDB1B26532E00B93EB6 /* Images.xcassets in Resources */ = {isa = PBXBuildFile; fileRef = 35887FDA1B26532E00B93EB6 /* Images.xcassets */; };
		35887FDE1B26532E00B93EB6 /* LaunchScreen.xib in Resources */ = {isa = PBXBuildFile; fileRef = 35887FDC1B26532E00B93EB6 /* LaunchScreen.xib */; };
		35887FEA1B26532F00B93EB6 /* algorhythmsTests.swift in Sources */ = {isa = PBXBuildFile; fileRef = 35887FE91B26532F00B93EB6 /* algorhythmsTests.swift */; };
		35887FF51B2658F200B93EB6 /* PlaylistDetailViewController.swift in Sources */ = {isa = PBXBuildFile; fileRef = 35887FF41B2658F200B93EB6 /* PlaylistDetailViewController.swift */; };
		35887FF71B27716500B93EB6 /* MusicLibrary.swift in Sources */ = {isa = PBXBuildFile; fileRef = 35887FF61B27716500B93EB6 /* MusicLibrary.swift */; };
		35887FF91B27725B00B93EB6 /* Playlist.swift in Sources */ = {isa = PBXBuildFile; fileRef = 35887FF81B27725B00B93EB6 /* Playlist.swift */; };
/* End PBXBuildFile section */

/* Begin PBXContainerItemProxy section */
		35887FE41B26532F00B93EB6 /* PBXContainerItemProxy */ = {
			isa = PBXContainerItemProxy;
			containerPortal = 35887FC61B26532E00B93EB6 /* Project object */;
			proxyType = 1;
			remoteGlobalIDString = 35887FCD1B26532E00B93EB6;
			remoteInfo = algorhythms;
		};
/* End PBXContainerItemProxy section */

/* Begin PBXFileReference section */
		35887FCE1B26532E00B93EB6 /* algorhythms.app */ = {isa = PBXFileReference; explicitFileType = wrapper.application; includeInIndex = 0; path = algorhythms.app; sourceTree = BUILT_PRODUCTS_DIR; };
		35887FD21B26532E00B93EB6 /* Info.plist */ = {isa = PBXFileReference; lastKnownFileType = text.plist.xml; path = Info.plist; sourceTree = "<group>"; };
		35887FD31B26532E00B93EB6 /* AppDelegate.swift */ = {isa = PBXFileReference; lastKnownFileType = sourcecode.swift; path = AppDelegate.swift; sourceTree = "<group>"; };
		35887FD51B26532E00B93EB6 /* PlaylistMasterViewController.swift */ = {isa = PBXFileReference; lastKnownFileType = sourcecode.swift; path = PlaylistMasterViewController.swift; sourceTree = "<group>"; };
		35887FD81B26532E00B93EB6 /* Base */ = {isa = PBXFileReference; lastKnownFileType = file.storyboard; name = Base; path = Base.lproj/Main.storyboard; sourceTree = "<group>"; };
		35887FDA1B26532E00B93EB6 /* Images.xcassets */ = {isa = PBXFileReference; lastKnownFileType = folder.assetcatalog; path = Images.xcassets; sourceTree = "<group>"; };
		35887FDD1B26532E00B93EB6 /* Base */ = {isa = PBXFileReference; lastKnownFileType = file.xib; name = Base; path = Base.lproj/LaunchScreen.xib; sourceTree = "<group>"; };
		35887FE31B26532F00B93EB6 /* algorhythmsTests.xctest */ = {isa = PBXFileReference; explicitFileType = wrapper.cfbundle; includeInIndex = 0; path = algorhythmsTests.xctest; sourceTree = BUILT_PRODUCTS_DIR; };
		35887FE81B26532F00B93EB6 /* Info.plist */ = {isa = PBXFileReference; lastKnownFileType = text.plist.xml; path = Info.plist; sourceTree = "<group>"; };
		35887FE91B26532F00B93EB6 /* algorhythmsTests.swift */ = {isa = PBXFileReference; lastKnownFileType = sourcecode.swift; path = algorhythmsTests.swift; sourceTree = "<group>"; };
		35887FF31B26547700B93EB6 /* AlgoScratchSpace.playground */ = {isa = PBXFileReference; lastKnownFileType = file.playground; name = AlgoScratchSpace.playground; path = ../AlgoScratchSpace.playground; sourceTree = "<group>"; };
		35887FF41B2658F200B93EB6 /* PlaylistDetailViewController.swift */ = {isa = PBXFileReference; fileEncoding = 4; lastKnownFileType = sourcecode.swift; path = PlaylistDetailViewController.swift; sourceTree = "<group>"; };
		35887FF61B27716500B93EB6 /* MusicLibrary.swift */ = {isa = PBXFileReference; fileEncoding = 4; lastKnownFileType = sourcecode.swift; path = MusicLibrary.swift; sourceTree = "<group>"; };
		35887FF81B27725B00B93EB6 /* Playlist.swift */ = {isa = PBXFileReference; fileEncoding = 4; lastKnownFileType = sourcecode.swift; path = Playlist.swift; sourceTree = "<group>"; };
/* End PBXFileReference section */

/* Begin PBXFrameworksBuildPhase section */
		35887FCB1B26532E00B93EB6 /* Frameworks */ = {
			isa = PBXFrameworksBuildPhase;
			buildActionMask = 2147483647;
			files = (
			);
			runOnlyForDeploymentPostprocessing = 0;
		};
		35887FE01B26532F00B93EB6 /* Frameworks */ = {
			isa = PBXFrameworksBuildPhase;
			buildActionMask = 2147483647;
			files = (
			);
			runOnlyForDeploymentPostprocessing = 0;
		};
/* End PBXFrameworksBuildPhase section */

/* Begin PBXGroup section */
		35887FC51B26532E00B93EB6 = {
			isa = PBXGroup;
			children = (
				35887FD01B26532E00B93EB6 /* algorhythms */,
				35887FE61B26532F00B93EB6 /* algorhythmsTests */,
				35887FCF1B26532E00B93EB6 /* Products */,
			);
			sourceTree = "<group>";
		};
		35887FCF1B26532E00B93EB6 /* Products */ = {
			isa = PBXGroup;
			children = (
				35887FCE1B26532E00B93EB6 /* algorhythms.app */,
				35887FE31B26532F00B93EB6 /* algorhythmsTests.xctest */,
			);
			name = Products;
			sourceTree = "<group>";
		};
		35887FD01B26532E00B93EB6 /* algorhythms */ = {
			isa = PBXGroup;
			children = (
				35887FD31B26532E00B93EB6 /* AppDelegate.swift */,
				35887FD51B26532E00B93EB6 /* PlaylistMasterViewController.swift */,
				35887FF41B2658F200B93EB6 /* PlaylistDetailViewController.swift */,
				35887FD71B26532E00B93EB6 /* Main.storyboard */,
				35887FF61B27716500B93EB6 /* MusicLibrary.swift */,
				35887FF81B27725B00B93EB6 /* Playlist.swift */,
				35887FDA1B26532E00B93EB6 /* Images.xcassets */,
				35887FF31B26547700B93EB6 /* AlgoScratchSpace.playground */,
				35887FDC1B26532E00B93EB6 /* LaunchScreen.xib */,
				35887FD11B26532E00B93EB6 /* Supporting Files */,
			);
			path = algorhythms;
			sourceTree = "<group>";
		};
		35887FD11B26532E00B93EB6 /* Supporting Files */ = {
			isa = PBXGroup;
			children = (
				35887FD21B26532E00B93EB6 /* Info.plist */,
			);
			name = "Supporting Files";
			sourceTree = "<group>";
		};
		35887FE61B26532F00B93EB6 /* algorhythmsTests */ = {
			isa = PBXGroup;
			children = (
				35887FE91B26532F00B93EB6 /* algorhythmsTests.swift */,
				35887FE71B26532F00B93EB6 /* Supporting Files */,
			);
			path = algorhythmsTests;
			sourceTree = "<group>";
		};
		35887FE71B26532F00B93EB6 /* Supporting Files */ = {
			isa = PBXGroup;
			children = (
				35887FE81B26532F00B93EB6 /* Info.plist */,
			);
			name = "Supporting Files";
			sourceTree = "<group>";
		};
/* End PBXGroup section */

/* Begin PBXNativeTarget section */
		35887FCD1B26532E00B93EB6 /* algorhythms */ = {
			isa = PBXNativeTarget;
			buildConfigurationList = 35887FED1B26532F00B93EB6 /* Build configuration list for PBXNativeTarget "algorhythms" */;
			buildPhases = (
				35887FCA1B26532E00B93EB6 /* Sources */,
				35887FCB1B26532E00B93EB6 /* Frameworks */,
				35887FCC1B26532E00B93EB6 /* Resources */,
			);
			buildRules = (
			);
			dependencies = (
			);
			name = algorhythms;
			productName = algorhythms;
			productReference = 35887FCE1B26532E00B93EB6 /* algorhythms.app */;
			productType = "com.apple.product-type.application";
		};
		35887FE21B26532F00B93EB6 /* algorhythmsTests */ = {
			isa = PBXNativeTarget;
			buildConfigurationList = 35887FF01B26532F00B93EB6 /* Build configuration list for PBXNativeTarget "algorhythmsTests" */;
			buildPhases = (
				35887FDF1B26532F00B93EB6 /* Sources */,
				35887FE01B26532F00B93EB6 /* Frameworks */,
				35887FE11B26532F00B93EB6 /* Resources */,
			);
			buildRules = (
			);
			dependencies = (
				35887FE51B26532F00B93EB6 /* PBXTargetDependency */,
			);
			name = algorhythmsTests;
			productName = algorhythmsTests;
			productReference = 35887FE31B26532F00B93EB6 /* algorhythmsTests.xctest */;
			productType = "com.apple.product-type.bundle.unit-test";
		};
/* End PBXNativeTarget section */

/* Begin PBXProject section */
		35887FC61B26532E00B93EB6 /* Project object */ = {
			isa = PBXProject;
			attributes = {
				LastUpgradeCheck = 0630;
				ORGANIZATIONNAME = "District Labs";
				TargetAttributes = {
					35887FCD1B26532E00B93EB6 = {
						CreatedOnToolsVersion = 6.3.2;
					};
					35887FE21B26532F00B93EB6 = {
						CreatedOnToolsVersion = 6.3.2;
						TestTargetID = 35887FCD1B26532E00B93EB6;
					};
				};
			};
			buildConfigurationList = 35887FC91B26532E00B93EB6 /* Build configuration list for PBXProject "algorhythms" */;
			compatibilityVersion = "Xcode 3.2";
			developmentRegion = English;
			hasScannedForEncodings = 0;
			knownRegions = (
				en,
				Base,
			);
			mainGroup = 35887FC51B26532E00B93EB6;
			productRefGroup = 35887FCF1B26532E00B93EB6 /* Products */;
			projectDirPath = "";
			projectRoot = "";
			targets = (
				35887FCD1B26532E00B93EB6 /* algorhythms */,
				35887FE21B26532F00B93EB6 /* algorhythmsTests */,
			);
		};
/* End PBXProject section */

/* Begin PBXResourcesBuildPhase section */
		35887FCC1B26532E00B93EB6 /* Resources */ = {
			isa = PBXResourcesBuildPhase;
			buildActionMask = 2147483647;
			files = (
				35887FD91B26532E00B93EB6 /* Main.storyboard in Resources */,
				35887FDE1B26532E00B93EB6 /* LaunchScreen.xib in Resources */,
				35887FDB1B26532E00B93EB6 /* Images.xcassets in Resources */,
			);
			runOnlyForDeploymentPostprocessing = 0;
		};
		35887FE11B26532F00B93EB6 /* Resources */ = {
			isa = PBXResourcesBuildPhase;
			buildActionMask = 2147483647;
			files = (
			);
			runOnlyForDeploymentPostprocessing = 0;
		};
/* End PBXResourcesBuildPhase section */

/* Begin PBXSourcesBuildPhase section */
		35887FCA1B26532E00B93EB6 /* Sources */ = {
			isa = PBXSourcesBuildPhase;
			buildActionMask = 2147483647;
			files = (
				35887FF51B2658F200B93EB6 /* PlaylistDetailViewController.swift in Sources */,
				35887FD61B26532E00B93EB6 /* PlaylistMasterViewController.swift in Sources */,
				35887FD41B26532E00B93EB6 /* AppDelegate.swift in Sources */,
				35887FF71B27716500B93EB6 /* MusicLibrary.swift in Sources */,
				35887FF91B27725B00B93EB6 /* Playlist.swift in Sources */,
			);
			runOnlyForDeploymentPostprocessing = 0;
		};
		35887FDF1B26532F00B93EB6 /* Sources */ = {
			isa = PBXSourcesBuildPhase;
			buildActionMask = 2147483647;
			files = (
				35887FEA1B26532F00B93EB6 /* algorhythmsTests.swift in Sources */,
			);
			runOnlyForDeploymentPostprocessing = 0;
		};
/* End PBXSourcesBuildPhase section */

/* Begin PBXTargetDependency section */
		35887FE51B26532F00B93EB6 /* PBXTargetDependency */ = {
			isa = PBXTargetDependency;
			target = 35887FCD1B26532E00B93EB6 /* algorhythms */;
			targetProxy = 35887FE41B26532F00B93EB6 /* PBXContainerItemProxy */;
		};
/* End PBXTargetDependency section */

/* Begin PBXVariantGroup section */
		35887FD71B26532E00B93EB6 /* Main.storyboard */ = {
			isa = PBXVariantGroup;
			children = (
				35887FD81B26532E00B93EB6 /* Base */,
			);
			name = Main.storyboard;
			sourceTree = "<group>";
		};
		35887FDC1B26532E00B93EB6 /* LaunchScreen.xib */ = {
			isa = PBXVariantGroup;
			children = (
				35887FDD1B26532E00B93EB6 /* Base */,
			);
			name = LaunchScreen.xib;
			sourceTree = "<group>";
		};
/* End PBXVariantGroup section */

/* Begin XCBuildConfiguration section */
		35887FEB1B26532F00B93EB6 /* Debug */ = {
			isa = XCBuildConfiguration;
			buildSettings = {
				ALWAYS_SEARCH_USER_PATHS = NO;
				CLANG_CXX_LANGUAGE_STANDARD = "gnu++0x";
				CLANG_CXX_LIBRARY = "libc++";
				CLANG_ENABLE_MODULES = YES;
				CLANG_ENABLE_OBJC_ARC = YES;
				CLANG_WARN_BOOL_CONVERSION = YES;
				CLANG_WARN_CONSTANT_CONVERSION = YES;
				CLANG_WARN_DIRECT_OBJC_ISA_USAGE = YES_ERROR;
				CLANG_WARN_EMPTY_BODY = YES;
				CLANG_WARN_ENUM_CONVERSION = YES;
				CLANG_WARN_INT_CONVERSION = YES;
				CLANG_WARN_OBJC_ROOT_CLASS = YES_ERROR;
				CLANG_WARN_UNREACHABLE_CODE = YES;
				CLANG_WARN__DUPLICATE_METHOD_MATCH = YES;
				"CODE_SIGN_IDENTITY[sdk=iphoneos*]" = "iPhone Developer";
				COPY_PHASE_STRIP = NO;
				DEBUG_INFORMATION_FORMAT = "dwarf-with-dsym";
				ENABLE_STRICT_OBJC_MSGSEND = YES;
				GCC_C_LANGUAGE_STANDARD = gnu99;
				GCC_DYNAMIC_NO_PIC = NO;
				GCC_NO_COMMON_BLOCKS = YES;
				GCC_OPTIMIZATION_LEVEL = 0;
				GCC_PREPROCESSOR_DEFINITIONS = (
					"DEBUG=1",
					"$(inherited)",
				);
				GCC_SYMBOLS_PRIVATE_EXTERN = NO;
				GCC_WARN_64_TO_32_BIT_CONVERSION = YES;
				GCC_WARN_ABOUT_RETURN_TYPE = YES_ERROR;
				GCC_WARN_UNDECLARED_SELECTOR = YES;
				GCC_WARN_UNINITIALIZED_AUTOS = YES_AGGRESSIVE;
				GCC_WARN_UNUSED_FUNCTION = YES;
				GCC_WARN_UNUSED_VARIABLE = YES;
				IPHONEOS_DEPLOYMENT_TARGET = 8.3;
				MTL_ENABLE_DEBUG_INFO = YES;
				ONLY_ACTIVE_ARCH = YES;
				SDKROOT = iphoneos;
				SWIFT_OPTIMIZATION_LEVEL = "-Onone";
				TARGETED_DEVICE_FAMILY = "1,2";
			};
			name = Debug;
		};
		35887FEC1B26532F00B93EB6 /* Release */ = {
			isa = XCBuildConfiguration;
			buildSettings = {
				ALWAYS_SEARCH_USER_PATHS = NO;
				CLANG_CXX_LANGUAGE_STANDARD = "gnu++0x";
				CLANG_CXX_LIBRARY = "libc++";
				CLANG_ENABLE_MODULES = YES;
				CLANG_ENABLE_OBJC_ARC = YES;
				CLANG_WARN_BOOL_CONVERSION = YES;
				CLANG_WARN_CONSTANT_CONVERSION = YES;
				CLANG_WARN_DIRECT_OBJC_ISA_USAGE = YES_ERROR;
				CLANG_WARN_EMPTY_BODY = YES;
				CLANG_WARN_ENUM_CONVERSION = YES;
				CLANG_WARN_INT_CONVERSION = YES;
				CLANG_WARN_OBJC_ROOT_CLASS = YES_ERROR;
				CLANG_WARN_UNREACHABLE_CODE = YES;
				CLANG_WARN__DUPLICATE_METHOD_MATCH = YES;
				"CODE_SIGN_IDENTITY[sdk=iphoneos*]" = "iPhone Developer";
				COPY_PHASE_STRIP = NO;
				DEBUG_INFORMATION_FORMAT = "dwarf-with-dsym";
				ENABLE_NS_ASSERTIONS = NO;
				ENABLE_STRICT_OBJC_MSGSEND = YES;
				GCC_C_LANGUAGE_STANDARD = gnu99;
				GCC_NO_COMMON_BLOCKS = YES;
				GCC_WARN_64_TO_32_BIT_CONVERSION = YES;
				GCC_WARN_ABOUT_RETURN_TYPE = YES_ERROR;
				GCC_WARN_UNDECLARED_SELECTOR = YES;
				GCC_WARN_UNINITIALIZED_AUTOS = YES_AGGRESSIVE;
				GCC_WARN_UNUSED_FUNCTION = YES;
				GCC_WARN_UNUSED_VARIABLE = YES;
				IPHONEOS_DEPLOYMENT_TARGET = 8.3;
				MTL_ENABLE_DEBUG_INFO = NO;
				SDKROOT = iphoneos;
				TARGETED_DEVICE_FAMILY = "1,2";
				VALIDATE_PRODUCT = YES;
			};
			name = Release;
		};
		35887FEE1B26532F00B93EB6 /* Debug */ = {
			isa = XCBuildConfiguration;
			buildSettings = {
				ASSETCATALOG_COMPILER_APPICON_NAME = AppIcon;
				INFOPLIST_FILE = algorhythms/Info.plist;
				LD_RUNPATH_SEARCH_PATHS = "$(inherited) @executable_path/Frameworks";
				PRODUCT_NAME = "$(TARGET_NAME)";
			};
			name = Debug;
		};
		35887FEF1B26532F00B93EB6 /* Release */ = {
			isa = XCBuildConfiguration;
			buildSettings = {
				ASSETCATALOG_COMPILER_APPICON_NAME = AppIcon;
				INFOPLIST_FILE = algorhythms/Info.plist;
				LD_RUNPATH_SEARCH_PATHS = "$(inherited) @executable_path/Frameworks";
				PRODUCT_NAME = "$(TARGET_NAME)";
			};
			name = Release;
		};
		35887FF11B26532F00B93EB6 /* Debug */ = {
			isa = XCBuildConfiguration;
			buildSettings = {
				BUNDLE_LOADER = "$(TEST_HOST)";
				FRAMEWORK_SEARCH_PATHS = (
					"$(SDKROOT)/Developer/Library/Frameworks",
					"$(inherited)",
				);
				GCC_PREPROCESSOR_DEFINITIONS = (
					"DEBUG=1",
					"$(inherited)",
				);
				INFOPLIST_FILE = algorhythmsTests/Info.plist;
				LD_RUNPATH_SEARCH_PATHS = "$(inherited) @executable_path/Frameworks @loader_path/Frameworks";
				PRODUCT_NAME = "$(TARGET_NAME)";
				TEST_HOST = "$(BUILT_PRODUCTS_DIR)/algorhythms.app/algorhythms";
			};
			name = Debug;
		};
		35887FF21B26532F00B93EB6 /* Release */ = {
			isa = XCBuildConfiguration;
			buildSettings = {
				BUNDLE_LOADER = "$(TEST_HOST)";
				FRAMEWORK_SEARCH_PATHS = (
					"$(SDKROOT)/Developer/Library/Frameworks",
					"$(inherited)",
				);
				INFOPLIST_FILE = algorhythmsTests/Info.plist;
				LD_RUNPATH_SEARCH_PATHS = "$(inherited) @executable_path/Frameworks @loader_path/Frameworks";
				PRODUCT_NAME = "$(TARGET_NAME)";
				TEST_HOST = "$(BUILT_PRODUCTS_DIR)/algorhythms.app/algorhythms";
			};
			name = Release;
		};
/* End XCBuildConfiguration section */

/* Begin XCConfigurationList section */
		35887FC91B26532E00B93EB6 /* Build configuration list for PBXProject "algorhythms" */ = {
			isa = XCConfigurationList;
			buildConfigurations = (
				35887FEB1B26532F00B93EB6 /* Debug */,
				35887FEC1B26532F00B93EB6 /* Release */,
			);
			defaultConfigurationIsVisible = 0;
			defaultConfigurationName = Release;
		};
		35887FED1B26532F00B93EB6 /* Build configuration list for PBXNativeTarget "algorhythms" */ = {
			isa = XCConfigurationList;
			buildConfigurations = (
				35887FEE1B26532F00B93EB6 /* Debug */,
				35887FEF1B26532F00B93EB6 /* Release */,
			);
			defaultConfigurationIsVisible = 0;
			defaultConfigurationName = Release;
		};
		35887FF01B26532F00B93EB6 /* Build configuration list for PBXNativeTarget "algorhythmsTests" */ = {
			isa = XCConfigurationList;
			buildConfigurations = (
				35887FF11B26532F00B93EB6 /* Debug */,
				35887FF21B26532F00B93EB6 /* Release */,
			);
			defaultConfigurationIsVisible = 0;
			defaultConfigurationName = Release;
		};
/* End XCConfigurationList section */
	};
	rootObject = 35887FC61B26532E00B93EB6 /* Project object */;
}
